// !$*UTF8*$!
{
	archiveVersion = 1;
	classes = {
	};
	objectVersion = 56;
	objects = {

/* Begin PBXBuildFile section */
		5D2B20192BD45BFF000062AB /* RMCharacterCollectionViewCell.swift in Sources */ = {isa = PBXBuildFile; fileRef = 5D2B20182BD45BFF000062AB /* RMCharacterCollectionViewCell.swift */; };
		5D2B201B2BD45DD2000062AB /* RMCharacterCollectionViewCellViewModel.swift in Sources */ = {isa = PBXBuildFile; fileRef = 5D2B201A2BD45DD2000062AB /* RMCharacterCollectionViewCellViewModel.swift */; };
		5D377F752BE57EA5009DBE36 /* RMCharacterPhotoCollectionViewCell.swift in Sources */ = {isa = PBXBuildFile; fileRef = 5D377F742BE57EA5009DBE36 /* RMCharacterPhotoCollectionViewCell.swift */; };
		5D377F772BE57ED6009DBE36 /* RMCharacterInfoCollectionViewCell.swift in Sources */ = {isa = PBXBuildFile; fileRef = 5D377F762BE57ED6009DBE36 /* RMCharacterInfoCollectionViewCell.swift */; };
		5D377F792BE57EF5009DBE36 /* RMCharacterEpisodeCollectionViewCell.swift in Sources */ = {isa = PBXBuildFile; fileRef = 5D377F782BE57EF5009DBE36 /* RMCharacterEpisodeCollectionViewCell.swift */; };
		5D377F7C2BE57F71009DBE36 /* RMCharacterPhotoCollectionViewCellViewModel.swift in Sources */ = {isa = PBXBuildFile; fileRef = 5D377F7B2BE57F71009DBE36 /* RMCharacterPhotoCollectionViewCellViewModel.swift */; };
		5D377F7E2BE57FA2009DBE36 /* RMCharacterInfoCollectionViewCellViewModel.swift in Sources */ = {isa = PBXBuildFile; fileRef = 5D377F7D2BE57FA2009DBE36 /* RMCharacterInfoCollectionViewCellViewModel.swift */; };
		5D377F802BE57FB4009DBE36 /* RMCharacterEpisodeCollectionViewCellViewModel.swift in Sources */ = {isa = PBXBuildFile; fileRef = 5D377F7F2BE57FB4009DBE36 /* RMCharacterEpisodeCollectionViewCellViewModel.swift */; };
		5D3A23822BD2813F0090C0FB /* RMService.swift in Sources */ = {isa = PBXBuildFile; fileRef = 5D3A23812BD2813F0090C0FB /* RMService.swift */; };
		5D3A23842BD281540090C0FB /* RMRequest.swift in Sources */ = {isa = PBXBuildFile; fileRef = 5D3A23832BD281540090C0FB /* RMRequest.swift */; };
		5D3A23862BD281F50090C0FB /* RMEndpoint.swift in Sources */ = {isa = PBXBuildFile; fileRef = 5D3A23852BD281F50090C0FB /* RMEndpoint.swift */; };
		5D3A23882BD298FB0090C0FB /* RMOrigin.swift in Sources */ = {isa = PBXBuildFile; fileRef = 5D3A23872BD298FB0090C0FB /* RMOrigin.swift */; };
		5D3A238A2BD299860090C0FB /* RMSingletLocation.swift in Sources */ = {isa = PBXBuildFile; fileRef = 5D3A23892BD299860090C0FB /* RMSingletLocation.swift */; };
		5D3A238C2BD29B690090C0FB /* RMCharacterStatus.swift in Sources */ = {isa = PBXBuildFile; fileRef = 5D3A238B2BD29B690090C0FB /* RMCharacterStatus.swift */; };
		5D3A238E2BD29CEA0090C0FB /* RMCharacterGender.swift in Sources */ = {isa = PBXBuildFile; fileRef = 5D3A238D2BD29CEA0090C0FB /* RMCharacterGender.swift */; };
		5D3A23922BD308610090C0FB /* RMGetAllCharactersResponse.swift in Sources */ = {isa = PBXBuildFile; fileRef = 5D3A23912BD308610090C0FB /* RMGetAllCharactersResponse.swift */; };
		5D6048D32BEFB39A00F7D104 /* RMEpisodeDetailViewController.swift in Sources */ = {isa = PBXBuildFile; fileRef = 5D6048D22BEFB39A00F7D104 /* RMEpisodeDetailViewController.swift */; };
		5D959A872BD3F23900221238 /* RMCharacterListViewViewModel.swift in Sources */ = {isa = PBXBuildFile; fileRef = 5D959A862BD3F23900221238 /* RMCharacterListViewViewModel.swift */; };
		5D959A892BD3F38600221238 /* RMCharacterListView.swift in Sources */ = {isa = PBXBuildFile; fileRef = 5D959A882BD3F38600221238 /* RMCharacterListView.swift */; };
		5D959A8B2BD4380C00221238 /* Extensions.swift in Sources */ = {isa = PBXBuildFile; fileRef = 5D959A8A2BD4380C00221238 /* Extensions.swift */; };
		5DA14B182BD66A260026928F /* RMCharacterDetailViewController.swift in Sources */ = {isa = PBXBuildFile; fileRef = 5DA14B172BD66A260026928F /* RMCharacterDetailViewController.swift */; };
		5DA14B1C2BD66B4F0026928F /* RMCharacterDetailView.swift in Sources */ = {isa = PBXBuildFile; fileRef = 5DA14B1B2BD66B4F0026928F /* RMCharacterDetailView.swift */; };
		5DA14B1E2BD66B8A0026928F /* RMCharacterDetailViewViewModel.swift in Sources */ = {isa = PBXBuildFile; fileRef = 5DA14B1D2BD66B890026928F /* RMCharacterDetailViewViewModel.swift */; };
		5DB2A7D02BF0F6F2002726F3 /* RMAPICacheManager.swift in Sources */ = {isa = PBXBuildFile; fileRef = 5DB2A7CF2BF0F6F2002726F3 /* RMAPICacheManager.swift */; };
		5DB2A7D22BF0FFD0002726F3 /* RMEpisodeDetailViewViewModel.swift in Sources */ = {isa = PBXBuildFile; fileRef = 5DB2A7D12BF0FFD0002726F3 /* RMEpisodeDetailViewViewModel.swift */; };
		5DB2A7D42BF10139002726F3 /* RMEpisodeDetailView.swift in Sources */ = {isa = PBXBuildFile; fileRef = 5DB2A7D32BF10139002726F3 /* RMEpisodeDetailView.swift */; };
		5DD9A6D52BDD2D9700C6C056 /* RMImageLoader.swift in Sources */ = {isa = PBXBuildFile; fileRef = 5DD9A6D42BDD2D9700C6C056 /* RMImageLoader.swift */; };
		5DDA96442BD99F620061347B /* RMFooterLoadingCollectionReusableView.swift in Sources */ = {isa = PBXBuildFile; fileRef = 5DDA96432BD99F620061347B /* RMFooterLoadingCollectionReusableView.swift */; };
		5DEF35322BD1AFFB00F11E0C /* AppDelegate.swift in Sources */ = {isa = PBXBuildFile; fileRef = 5DEF35312BD1AFFB00F11E0C /* AppDelegate.swift */; };
		5DEF35342BD1AFFB00F11E0C /* SceneDelegate.swift in Sources */ = {isa = PBXBuildFile; fileRef = 5DEF35332BD1AFFB00F11E0C /* SceneDelegate.swift */; };
		5DEF35362BD1AFFB00F11E0C /* RMTabBarController.swift in Sources */ = {isa = PBXBuildFile; fileRef = 5DEF35352BD1AFFB00F11E0C /* RMTabBarController.swift */; };
		5DEF353B2BD1AFFD00F11E0C /* Assets.xcassets in Resources */ = {isa = PBXBuildFile; fileRef = 5DEF353A2BD1AFFD00F11E0C /* Assets.xcassets */; };
		5DEF353E2BD1AFFD00F11E0C /* LaunchScreen.storyboard in Resources */ = {isa = PBXBuildFile; fileRef = 5DEF353C2BD1AFFD00F11E0C /* LaunchScreen.storyboard */; };
		5DEF354D2BD1B41C00F11E0C /* RMLocation.swift in Sources */ = {isa = PBXBuildFile; fileRef = 5DEF354C2BD1B41C00F11E0C /* RMLocation.swift */; };
		5DEF354F2BD1B42800F11E0C /* RMEpisode.swift in Sources */ = {isa = PBXBuildFile; fileRef = 5DEF354E2BD1B42800F11E0C /* RMEpisode.swift */; };
		5DEF35512BD1B43400F11E0C /* RMCharacter.swift in Sources */ = {isa = PBXBuildFile; fileRef = 5DEF35502BD1B43400F11E0C /* RMCharacter.swift */; };
		5DEF35552BD1B53E00F11E0C /* RMCharacterViewController.swift in Sources */ = {isa = PBXBuildFile; fileRef = 5DEF35542BD1B53E00F11E0C /* RMCharacterViewController.swift */; };
		5DEF35572BD1B58000F11E0C /* RMLocationViewController.swift in Sources */ = {isa = PBXBuildFile; fileRef = 5DEF35562BD1B58000F11E0C /* RMLocationViewController.swift */; };
		5DEF35592BD1B58C00F11E0C /* RMEpisodeViewController.swift in Sources */ = {isa = PBXBuildFile; fileRef = 5DEF35582BD1B58C00F11E0C /* RMEpisodeViewController.swift */; };
		5DEF355B2BD1B59A00F11E0C /* RMSettingsViewController.swift in Sources */ = {isa = PBXBuildFile; fileRef = 5DEF355A2BD1B59A00F11E0C /* RMSettingsViewController.swift */; };
/* End PBXBuildFile section */

/* Begin PBXFileReference section */
		5D2B20182BD45BFF000062AB /* RMCharacterCollectionViewCell.swift */ = {isa = PBXFileReference; lastKnownFileType = sourcecode.swift; path = RMCharacterCollectionViewCell.swift; sourceTree = "<group>"; };
		5D2B201A2BD45DD2000062AB /* RMCharacterCollectionViewCellViewModel.swift */ = {isa = PBXFileReference; lastKnownFileType = sourcecode.swift; path = RMCharacterCollectionViewCellViewModel.swift; sourceTree = "<group>"; };
		5D377F742BE57EA5009DBE36 /* RMCharacterPhotoCollectionViewCell.swift */ = {isa = PBXFileReference; lastKnownFileType = sourcecode.swift; path = RMCharacterPhotoCollectionViewCell.swift; sourceTree = "<group>"; };
		5D377F762BE57ED6009DBE36 /* RMCharacterInfoCollectionViewCell.swift */ = {isa = PBXFileReference; lastKnownFileType = sourcecode.swift; path = RMCharacterInfoCollectionViewCell.swift; sourceTree = "<group>"; };
		5D377F782BE57EF5009DBE36 /* RMCharacterEpisodeCollectionViewCell.swift */ = {isa = PBXFileReference; lastKnownFileType = sourcecode.swift; path = RMCharacterEpisodeCollectionViewCell.swift; sourceTree = "<group>"; };
		5D377F7B2BE57F71009DBE36 /* RMCharacterPhotoCollectionViewCellViewModel.swift */ = {isa = PBXFileReference; lastKnownFileType = sourcecode.swift; path = RMCharacterPhotoCollectionViewCellViewModel.swift; sourceTree = "<group>"; };
		5D377F7D2BE57FA2009DBE36 /* RMCharacterInfoCollectionViewCellViewModel.swift */ = {isa = PBXFileReference; lastKnownFileType = sourcecode.swift; path = RMCharacterInfoCollectionViewCellViewModel.swift; sourceTree = "<group>"; };
		5D377F7F2BE57FB4009DBE36 /* RMCharacterEpisodeCollectionViewCellViewModel.swift */ = {isa = PBXFileReference; lastKnownFileType = sourcecode.swift; path = RMCharacterEpisodeCollectionViewCellViewModel.swift; sourceTree = "<group>"; };
		5D3A23812BD2813F0090C0FB /* RMService.swift */ = {isa = PBXFileReference; lastKnownFileType = sourcecode.swift; path = RMService.swift; sourceTree = "<group>"; };
		5D3A23832BD281540090C0FB /* RMRequest.swift */ = {isa = PBXFileReference; lastKnownFileType = sourcecode.swift; path = RMRequest.swift; sourceTree = "<group>"; };
		5D3A23852BD281F50090C0FB /* RMEndpoint.swift */ = {isa = PBXFileReference; lastKnownFileType = sourcecode.swift; path = RMEndpoint.swift; sourceTree = "<group>"; };
		5D3A23872BD298FB0090C0FB /* RMOrigin.swift */ = {isa = PBXFileReference; lastKnownFileType = sourcecode.swift; path = RMOrigin.swift; sourceTree = "<group>"; };
		5D3A23892BD299860090C0FB /* RMSingletLocation.swift */ = {isa = PBXFileReference; lastKnownFileType = sourcecode.swift; path = RMSingletLocation.swift; sourceTree = "<group>"; };
		5D3A238B2BD29B690090C0FB /* RMCharacterStatus.swift */ = {isa = PBXFileReference; lastKnownFileType = sourcecode.swift; path = RMCharacterStatus.swift; sourceTree = "<group>"; };
		5D3A238D2BD29CEA0090C0FB /* RMCharacterGender.swift */ = {isa = PBXFileReference; lastKnownFileType = sourcecode.swift; path = RMCharacterGender.swift; sourceTree = "<group>"; };
		5D3A23912BD308610090C0FB /* RMGetAllCharactersResponse.swift */ = {isa = PBXFileReference; lastKnownFileType = sourcecode.swift; path = RMGetAllCharactersResponse.swift; sourceTree = "<group>"; };
		5D6048D22BEFB39A00F7D104 /* RMEpisodeDetailViewController.swift */ = {isa = PBXFileReference; lastKnownFileType = sourcecode.swift; path = RMEpisodeDetailViewController.swift; sourceTree = "<group>"; };
		5D959A862BD3F23900221238 /* RMCharacterListViewViewModel.swift */ = {isa = PBXFileReference; lastKnownFileType = sourcecode.swift; path = RMCharacterListViewViewModel.swift; sourceTree = "<group>"; };
		5D959A882BD3F38600221238 /* RMCharacterListView.swift */ = {isa = PBXFileReference; lastKnownFileType = sourcecode.swift; path = RMCharacterListView.swift; sourceTree = "<group>"; };
		5D959A8A2BD4380C00221238 /* Extensions.swift */ = {isa = PBXFileReference; lastKnownFileType = sourcecode.swift; path = Extensions.swift; sourceTree = "<group>"; };
		5DA14B172BD66A260026928F /* RMCharacterDetailViewController.swift */ = {isa = PBXFileReference; lastKnownFileType = sourcecode.swift; path = RMCharacterDetailViewController.swift; sourceTree = "<group>"; };
		5DA14B1B2BD66B4F0026928F /* RMCharacterDetailView.swift */ = {isa = PBXFileReference; lastKnownFileType = sourcecode.swift; path = RMCharacterDetailView.swift; sourceTree = "<group>"; };
		5DA14B1D2BD66B890026928F /* RMCharacterDetailViewViewModel.swift */ = {isa = PBXFileReference; lastKnownFileType = sourcecode.swift; path = RMCharacterDetailViewViewModel.swift; sourceTree = "<group>"; };
		5DB2A7CF2BF0F6F2002726F3 /* RMAPICacheManager.swift */ = {isa = PBXFileReference; lastKnownFileType = sourcecode.swift; path = RMAPICacheManager.swift; sourceTree = "<group>"; };
		5DB2A7D12BF0FFD0002726F3 /* RMEpisodeDetailViewViewModel.swift */ = {isa = PBXFileReference; lastKnownFileType = sourcecode.swift; path = RMEpisodeDetailViewViewModel.swift; sourceTree = "<group>"; };
		5DB2A7D32BF10139002726F3 /* RMEpisodeDetailView.swift */ = {isa = PBXFileReference; lastKnownFileType = sourcecode.swift; path = RMEpisodeDetailView.swift; sourceTree = "<group>"; };
		5DD9A6D42BDD2D9700C6C056 /* RMImageLoader.swift */ = {isa = PBXFileReference; lastKnownFileType = sourcecode.swift; path = RMImageLoader.swift; sourceTree = "<group>"; };
		5DDA96432BD99F620061347B /* RMFooterLoadingCollectionReusableView.swift */ = {isa = PBXFileReference; lastKnownFileType = sourcecode.swift; path = RMFooterLoadingCollectionReusableView.swift; sourceTree = "<group>"; };
		5DEF352E2BD1AFFB00F11E0C /* RickAndMorty.app */ = {isa = PBXFileReference; explicitFileType = wrapper.application; includeInIndex = 0; path = RickAndMorty.app; sourceTree = BUILT_PRODUCTS_DIR; };
		5DEF35312BD1AFFB00F11E0C /* AppDelegate.swift */ = {isa = PBXFileReference; lastKnownFileType = sourcecode.swift; path = AppDelegate.swift; sourceTree = "<group>"; };
		5DEF35332BD1AFFB00F11E0C /* SceneDelegate.swift */ = {isa = PBXFileReference; lastKnownFileType = sourcecode.swift; path = SceneDelegate.swift; sourceTree = "<group>"; };
		5DEF35352BD1AFFB00F11E0C /* RMTabBarController.swift */ = {isa = PBXFileReference; lastKnownFileType = sourcecode.swift; path = RMTabBarController.swift; sourceTree = "<group>"; };
		5DEF353A2BD1AFFD00F11E0C /* Assets.xcassets */ = {isa = PBXFileReference; lastKnownFileType = folder.assetcatalog; path = Assets.xcassets; sourceTree = "<group>"; };
		5DEF353D2BD1AFFD00F11E0C /* Base */ = {isa = PBXFileReference; lastKnownFileType = file.storyboard; name = Base; path = Base.lproj/LaunchScreen.storyboard; sourceTree = "<group>"; };
		5DEF353F2BD1AFFD00F11E0C /* Info.plist */ = {isa = PBXFileReference; lastKnownFileType = text.plist.xml; path = Info.plist; sourceTree = "<group>"; };
		5DEF354C2BD1B41C00F11E0C /* RMLocation.swift */ = {isa = PBXFileReference; lastKnownFileType = sourcecode.swift; path = RMLocation.swift; sourceTree = "<group>"; };
		5DEF354E2BD1B42800F11E0C /* RMEpisode.swift */ = {isa = PBXFileReference; lastKnownFileType = sourcecode.swift; path = RMEpisode.swift; sourceTree = "<group>"; };
		5DEF35502BD1B43400F11E0C /* RMCharacter.swift */ = {isa = PBXFileReference; lastKnownFileType = sourcecode.swift; path = RMCharacter.swift; sourceTree = "<group>"; };
		5DEF35542BD1B53E00F11E0C /* RMCharacterViewController.swift */ = {isa = PBXFileReference; lastKnownFileType = sourcecode.swift; path = RMCharacterViewController.swift; sourceTree = "<group>"; };
		5DEF35562BD1B58000F11E0C /* RMLocationViewController.swift */ = {isa = PBXFileReference; lastKnownFileType = sourcecode.swift; path = RMLocationViewController.swift; sourceTree = "<group>"; };
		5DEF35582BD1B58C00F11E0C /* RMEpisodeViewController.swift */ = {isa = PBXFileReference; lastKnownFileType = sourcecode.swift; path = RMEpisodeViewController.swift; sourceTree = "<group>"; };
		5DEF355A2BD1B59A00F11E0C /* RMSettingsViewController.swift */ = {isa = PBXFileReference; lastKnownFileType = sourcecode.swift; path = RMSettingsViewController.swift; sourceTree = "<group>"; };
/* End PBXFileReference section */

/* Begin PBXFrameworksBuildPhase section */
		5DEF352B2BD1AFFB00F11E0C /* Frameworks */ = {
			isa = PBXFrameworksBuildPhase;
			buildActionMask = 2147483647;
			files = (
			);
			runOnlyForDeploymentPostprocessing = 0;
		};
/* End PBXFrameworksBuildPhase section */

/* Begin PBXGroup section */
		5D377F722BE57E3A009DBE36 /* CharacterDetails */ = {
			isa = PBXGroup;
			children = (
				5DA14B1B2BD66B4F0026928F /* RMCharacterDetailView.swift */,
				5D377F742BE57EA5009DBE36 /* RMCharacterPhotoCollectionViewCell.swift */,
				5D377F762BE57ED6009DBE36 /* RMCharacterInfoCollectionViewCell.swift */,
				5D377F782BE57EF5009DBE36 /* RMCharacterEpisodeCollectionViewCell.swift */,
			);
			path = CharacterDetails;
			sourceTree = "<group>";
		};
		5D377F732BE57E67009DBE36 /* Character */ = {
			isa = PBXGroup;
			children = (
				5D959A882BD3F38600221238 /* RMCharacterListView.swift */,
				5D2B20182BD45BFF000062AB /* RMCharacterCollectionViewCell.swift */,
			);
			path = Character;
			sourceTree = "<group>";
		};
		5D377F7A2BE57F17009DBE36 /* CharacterDetail */ = {
			isa = PBXGroup;
			children = (
				5DA14B1D2BD66B890026928F /* RMCharacterDetailViewViewModel.swift */,
				5D377F7B2BE57F71009DBE36 /* RMCharacterPhotoCollectionViewCellViewModel.swift */,
				5D377F7D2BE57FA2009DBE36 /* RMCharacterInfoCollectionViewCellViewModel.swift */,
				5D377F7F2BE57FB4009DBE36 /* RMCharacterEpisodeCollectionViewCellViewModel.swift */,
			);
			path = CharacterDetail;
			sourceTree = "<group>";
		};
		5D3A238F2BD308130090C0FB /* DataTypes */ = {
			isa = PBXGroup;
			children = (
				5DEF354C2BD1B41C00F11E0C /* RMLocation.swift */,
				5DEF354E2BD1B42800F11E0C /* RMEpisode.swift */,
				5DEF35502BD1B43400F11E0C /* RMCharacter.swift */,
				5D3A23872BD298FB0090C0FB /* RMOrigin.swift */,
				5D3A23892BD299860090C0FB /* RMSingletLocation.swift */,
				5D3A238B2BD29B690090C0FB /* RMCharacterStatus.swift */,
				5D3A238D2BD29CEA0090C0FB /* RMCharacterGender.swift */,
			);
			path = DataTypes;
			sourceTree = "<group>";
		};
		5D3A23902BD3082B0090C0FB /* APIResponseTypes */ = {
			isa = PBXGroup;
			children = (
				5D3A23912BD308610090C0FB /* RMGetAllCharactersResponse.swift */,
			);
			path = APIResponseTypes;
			sourceTree = "<group>";
		};
		5DA14B162BD66A070026928F /* Other */ = {
			isa = PBXGroup;
			children = (
				5DA14B172BD66A260026928F /* RMCharacterDetailViewController.swift */,
				5D6048D22BEFB39A00F7D104 /* RMEpisodeDetailViewController.swift */,
			);
			path = Other;
			sourceTree = "<group>";
		};
		5DEF35252BD1AFFB00F11E0C = {
			isa = PBXGroup;
			children = (
				5DEF352F2BD1AFFB00F11E0C /* Products */,
				5DEF35302BD1AFFB00F11E0C /* RickAndMorty */,
			);
			sourceTree = "<group>";
		};
		5DEF352F2BD1AFFB00F11E0C /* Products */ = {
			isa = PBXGroup;
			children = (
				5DEF352E2BD1AFFB00F11E0C /* RickAndMorty.app */,
			);
			name = Products;
			sourceTree = "<group>";
		};
		5DEF35302BD1AFFB00F11E0C /* RickAndMorty */ = {
			isa = PBXGroup;
			children = (
				5DEF354B2BD1B25A00F11E0C /* Resources */,
				5DEF354A2BD1B25100F11E0C /* Managers */,
				5DEF35492BD1B24600F11E0C /* APIClient */,
				5DEF35482BD1B23B00F11E0C /* Controllers */,
				5DEF35472BD1B22F00F11E0C /* ViewModels */,
				5DEF35462BD1B22800F11E0C /* Views */,
				5DEF35452BD1B21B00F11E0C /* Models */,
				5DEF353F2BD1AFFD00F11E0C /* Info.plist */,
			);
			path = RickAndMorty;
			sourceTree = "<group>";
		};
		5DEF35452BD1B21B00F11E0C /* Models */ = {
			isa = PBXGroup;
			children = (
				5D3A23902BD3082B0090C0FB /* APIResponseTypes */,
				5D3A238F2BD308130090C0FB /* DataTypes */,
			);
			path = Models;
			sourceTree = "<group>";
		};
		5DEF35462BD1B22800F11E0C /* Views */ = {
			isa = PBXGroup;
			children = (
				5D377F722BE57E3A009DBE36 /* CharacterDetails */,
				5D377F732BE57E67009DBE36 /* Character */,
				5DDA96432BD99F620061347B /* RMFooterLoadingCollectionReusableView.swift */,
				5DB2A7D32BF10139002726F3 /* RMEpisodeDetailView.swift */,
			);
			path = Views;
			sourceTree = "<group>";
		};
		5DEF35472BD1B22F00F11E0C /* ViewModels */ = {
			isa = PBXGroup;
			children = (
				5D377F7A2BE57F17009DBE36 /* CharacterDetail */,
				5D959A862BD3F23900221238 /* RMCharacterListViewViewModel.swift */,
				5D2B201A2BD45DD2000062AB /* RMCharacterCollectionViewCellViewModel.swift */,
				5DB2A7D12BF0FFD0002726F3 /* RMEpisodeDetailViewViewModel.swift */,
			);
			path = ViewModels;
			sourceTree = "<group>";
		};
		5DEF35482BD1B23B00F11E0C /* Controllers */ = {
			isa = PBXGroup;
			children = (
				5DA14B162BD66A070026928F /* Other */,
				5DEF355D2BD1B65700F11E0C /* Core */,
			);
			path = Controllers;
			sourceTree = "<group>";
		};
		5DEF35492BD1B24600F11E0C /* APIClient */ = {
			isa = PBXGroup;
			children = (
				5D3A23812BD2813F0090C0FB /* RMService.swift */,
				5D3A23832BD281540090C0FB /* RMRequest.swift */,
				5D3A23852BD281F50090C0FB /* RMEndpoint.swift */,
			);
			path = APIClient;
			sourceTree = "<group>";
		};
		5DEF354A2BD1B25100F11E0C /* Managers */ = {
			isa = PBXGroup;
			children = (
				5DD9A6D42BDD2D9700C6C056 /* RMImageLoader.swift */,
				5DB2A7CF2BF0F6F2002726F3 /* RMAPICacheManager.swift */,
			);
			path = Managers;
			sourceTree = "<group>";
		};
		5DEF354B2BD1B25A00F11E0C /* Resources */ = {
			isa = PBXGroup;
			children = (
				5DEF35312BD1AFFB00F11E0C /* AppDelegate.swift */,
				5DEF35332BD1AFFB00F11E0C /* SceneDelegate.swift */,
				5DEF353A2BD1AFFD00F11E0C /* Assets.xcassets */,
				5DEF353C2BD1AFFD00F11E0C /* LaunchScreen.storyboard */,
				5D959A8A2BD4380C00221238 /* Extensions.swift */,
			);
			path = Resources;
			sourceTree = "<group>";
		};
		5DEF355D2BD1B65700F11E0C /* Core */ = {
			isa = PBXGroup;
			children = (
				5DEF35352BD1AFFB00F11E0C /* RMTabBarController.swift */,
				5DEF35542BD1B53E00F11E0C /* RMCharacterViewController.swift */,
				5DEF35562BD1B58000F11E0C /* RMLocationViewController.swift */,
				5DEF35582BD1B58C00F11E0C /* RMEpisodeViewController.swift */,
				5DEF355A2BD1B59A00F11E0C /* RMSettingsViewController.swift */,
			);
			path = Core;
			sourceTree = "<group>";
		};
/* End PBXGroup section */

/* Begin PBXNativeTarget section */
		5DEF352D2BD1AFFB00F11E0C /* RickAndMorty */ = {
			isa = PBXNativeTarget;
			buildConfigurationList = 5DEF35422BD1AFFD00F11E0C /* Build configuration list for PBXNativeTarget "RickAndMorty" */;
			buildPhases = (
				5DEF352A2BD1AFFB00F11E0C /* Sources */,
				5DEF352B2BD1AFFB00F11E0C /* Frameworks */,
				5DEF352C2BD1AFFB00F11E0C /* Resources */,
			);
			buildRules = (
			);
			dependencies = (
			);
			name = RickAndMorty;
			productName = RickAndMorty;
			productReference = 5DEF352E2BD1AFFB00F11E0C /* RickAndMorty.app */;
			productType = "com.apple.product-type.application";
		};
/* End PBXNativeTarget section */

/* Begin PBXProject section */
		5DEF35262BD1AFFB00F11E0C /* Project object */ = {
			isa = PBXProject;
			attributes = {
				BuildIndependentTargetsInParallel = 1;
				LastSwiftUpdateCheck = 1520;
				LastUpgradeCheck = 1520;
				TargetAttributes = {
					5DEF352D2BD1AFFB00F11E0C = {
						CreatedOnToolsVersion = 15.2;
					};
				};
			};
			buildConfigurationList = 5DEF35292BD1AFFB00F11E0C /* Build configuration list for PBXProject "RickAndMorty" */;
			compatibilityVersion = "Xcode 14.0";
			developmentRegion = en;
			hasScannedForEncodings = 0;
			knownRegions = (
				en,
				Base,
			);
			mainGroup = 5DEF35252BD1AFFB00F11E0C;
			productRefGroup = 5DEF352F2BD1AFFB00F11E0C /* Products */;
			projectDirPath = "";
			projectRoot = "";
			targets = (
				5DEF352D2BD1AFFB00F11E0C /* RickAndMorty */,
			);
		};
/* End PBXProject section */

/* Begin PBXResourcesBuildPhase section */
		5DEF352C2BD1AFFB00F11E0C /* Resources */ = {
			isa = PBXResourcesBuildPhase;
			buildActionMask = 2147483647;
			files = (
				5DEF353E2BD1AFFD00F11E0C /* LaunchScreen.storyboard in Resources */,
				5DEF353B2BD1AFFD00F11E0C /* Assets.xcassets in Resources */,
			);
			runOnlyForDeploymentPostprocessing = 0;
		};
/* End PBXResourcesBuildPhase section */

/* Begin PBXSourcesBuildPhase section */
		5DEF352A2BD1AFFB00F11E0C /* Sources */ = {
			isa = PBXSourcesBuildPhase;
			buildActionMask = 2147483647;
			files = (
				5D3A23922BD308610090C0FB /* RMGetAllCharactersResponse.swift in Sources */,
				5DA14B1E2BD66B8A0026928F /* RMCharacterDetailViewViewModel.swift in Sources */,
				5D3A238A2BD299860090C0FB /* RMSingletLocation.swift in Sources */,
				5D959A892BD3F38600221238 /* RMCharacterListView.swift in Sources */,
				5D3A23882BD298FB0090C0FB /* RMOrigin.swift in Sources */,
				5D3A238C2BD29B690090C0FB /* RMCharacterStatus.swift in Sources */,
				5D3A238E2BD29CEA0090C0FB /* RMCharacterGender.swift in Sources */,
				5DA14B182BD66A260026928F /* RMCharacterDetailViewController.swift in Sources */,
				5DDA96442BD99F620061347B /* RMFooterLoadingCollectionReusableView.swift in Sources */,
				5DEF35572BD1B58000F11E0C /* RMLocationViewController.swift in Sources */,
				5DEF35512BD1B43400F11E0C /* RMCharacter.swift in Sources */,
				5D377F772BE57ED6009DBE36 /* RMCharacterInfoCollectionViewCell.swift in Sources */,
				5DEF35362BD1AFFB00F11E0C /* RMTabBarController.swift in Sources */,
				5D2B20192BD45BFF000062AB /* RMCharacterCollectionViewCell.swift in Sources */,
				5D377F7E2BE57FA2009DBE36 /* RMCharacterInfoCollectionViewCellViewModel.swift in Sources */,
				5DEF35592BD1B58C00F11E0C /* RMEpisodeViewController.swift in Sources */,
				5DD9A6D52BDD2D9700C6C056 /* RMImageLoader.swift in Sources */,
				5DEF35322BD1AFFB00F11E0C /* AppDelegate.swift in Sources */,
				5DEF354F2BD1B42800F11E0C /* RMEpisode.swift in Sources */,
				5D377F752BE57EA5009DBE36 /* RMCharacterPhotoCollectionViewCell.swift in Sources */,
				5DEF355B2BD1B59A00F11E0C /* RMSettingsViewController.swift in Sources */,
				5D959A8B2BD4380C00221238 /* Extensions.swift in Sources */,
				5D377F7C2BE57F71009DBE36 /* RMCharacterPhotoCollectionViewCellViewModel.swift in Sources */,
				5D3A23822BD2813F0090C0FB /* RMService.swift in Sources */,
				5DEF35342BD1AFFB00F11E0C /* SceneDelegate.swift in Sources */,
				5D3A23862BD281F50090C0FB /* RMEndpoint.swift in Sources */,
				5DEF354D2BD1B41C00F11E0C /* RMLocation.swift in Sources */,
				5D6048D32BEFB39A00F7D104 /* RMEpisodeDetailViewController.swift in Sources */,
				5DB2A7D42BF10139002726F3 /* RMEpisodeDetailView.swift in Sources */,
				5D2B201B2BD45DD2000062AB /* RMCharacterCollectionViewCellViewModel.swift in Sources */,
				5D3A23842BD281540090C0FB /* RMRequest.swift in Sources */,
				5D959A872BD3F23900221238 /* RMCharacterListViewViewModel.swift in Sources */,
				5D377F792BE57EF5009DBE36 /* RMCharacterEpisodeCollectionViewCell.swift in Sources */,
				5D377F802BE57FB4009DBE36 /* RMCharacterEpisodeCollectionViewCellViewModel.swift in Sources */,
				5DEF35552BD1B53E00F11E0C /* RMCharacterViewController.swift in Sources */,
				5DB2A7D02BF0F6F2002726F3 /* RMAPICacheManager.swift in Sources */,
				5DB2A7D22BF0FFD0002726F3 /* RMEpisodeDetailViewViewModel.swift in Sources */,
				5DA14B1C2BD66B4F0026928F /* RMCharacterDetailView.swift in Sources */,
			);
			runOnlyForDeploymentPostprocessing = 0;
		};
/* End PBXSourcesBuildPhase section */

/* Begin PBXVariantGroup section */
		5DEF353C2BD1AFFD00F11E0C /* LaunchScreen.storyboard */ = {
			isa = PBXVariantGroup;
			children = (
				5DEF353D2BD1AFFD00F11E0C /* Base */,
			);
			name = LaunchScreen.storyboard;
			sourceTree = "<group>";
		};
/* End PBXVariantGroup section */

/* Begin XCBuildConfiguration section */
		5DEF35402BD1AFFD00F11E0C /* Debug */ = {
			isa = XCBuildConfiguration;
			buildSettings = {
				ALWAYS_SEARCH_USER_PATHS = NO;
				ASSETCATALOG_COMPILER_GENERATE_SWIFT_ASSET_SYMBOL_EXTENSIONS = YES;
				CLANG_ANALYZER_NONNULL = YES;
				CLANG_ANALYZER_NUMBER_OBJECT_CONVERSION = YES_AGGRESSIVE;
				CLANG_CXX_LANGUAGE_STANDARD = "gnu++20";
				CLANG_ENABLE_MODULES = YES;
				CLANG_ENABLE_OBJC_ARC = YES;
				CLANG_ENABLE_OBJC_WEAK = YES;
				CLANG_WARN_BLOCK_CAPTURE_AUTORELEASING = YES;
				CLANG_WARN_BOOL_CONVERSION = YES;
				CLANG_WARN_COMMA = YES;
				CLANG_WARN_CONSTANT_CONVERSION = YES;
				CLANG_WARN_DEPRECATED_OBJC_IMPLEMENTATIONS = YES;
				CLANG_WARN_DIRECT_OBJC_ISA_USAGE = YES_ERROR;
				CLANG_WARN_DOCUMENTATION_COMMENTS = YES;
				CLANG_WARN_EMPTY_BODY = YES;
				CLANG_WARN_ENUM_CONVERSION = YES;
				CLANG_WARN_INFINITE_RECURSION = YES;
				CLANG_WARN_INT_CONVERSION = YES;
				CLANG_WARN_NON_LITERAL_NULL_CONVERSION = YES;
				CLANG_WARN_OBJC_IMPLICIT_RETAIN_SELF = YES;
				CLANG_WARN_OBJC_LITERAL_CONVERSION = YES;
				CLANG_WARN_OBJC_ROOT_CLASS = YES_ERROR;
				CLANG_WARN_QUOTED_INCLUDE_IN_FRAMEWORK_HEADER = YES;
				CLANG_WARN_RANGE_LOOP_ANALYSIS = YES;
				CLANG_WARN_STRICT_PROTOTYPES = YES;
				CLANG_WARN_SUSPICIOUS_MOVE = YES;
				CLANG_WARN_UNGUARDED_AVAILABILITY = YES_AGGRESSIVE;
				CLANG_WARN_UNREACHABLE_CODE = YES;
				CLANG_WARN__DUPLICATE_METHOD_MATCH = YES;
				COPY_PHASE_STRIP = NO;
				DEBUG_INFORMATION_FORMAT = dwarf;
				ENABLE_STRICT_OBJC_MSGSEND = YES;
				ENABLE_TESTABILITY = YES;
				ENABLE_USER_SCRIPT_SANDBOXING = YES;
				GCC_C_LANGUAGE_STANDARD = gnu17;
				GCC_DYNAMIC_NO_PIC = NO;
				GCC_NO_COMMON_BLOCKS = YES;
				GCC_OPTIMIZATION_LEVEL = 0;
				GCC_PREPROCESSOR_DEFINITIONS = (
					"DEBUG=1",
					"$(inherited)",
				);
				GCC_WARN_64_TO_32_BIT_CONVERSION = YES;
				GCC_WARN_ABOUT_RETURN_TYPE = YES_ERROR;
				GCC_WARN_UNDECLARED_SELECTOR = YES;
				GCC_WARN_UNINITIALIZED_AUTOS = YES_AGGRESSIVE;
				GCC_WARN_UNUSED_FUNCTION = YES;
				GCC_WARN_UNUSED_VARIABLE = YES;
				IPHONEOS_DEPLOYMENT_TARGET = 17.2;
				LOCALIZATION_PREFERS_STRING_CATALOGS = YES;
				MTL_ENABLE_DEBUG_INFO = INCLUDE_SOURCE;
				MTL_FAST_MATH = YES;
				ONLY_ACTIVE_ARCH = YES;
				SDKROOT = iphoneos;
				SWIFT_ACTIVE_COMPILATION_CONDITIONS = "DEBUG $(inherited)";
				SWIFT_OPTIMIZATION_LEVEL = "-Onone";
			};
			name = Debug;
		};
		5DEF35412BD1AFFD00F11E0C /* Release */ = {
			isa = XCBuildConfiguration;
			buildSettings = {
				ALWAYS_SEARCH_USER_PATHS = NO;
				ASSETCATALOG_COMPILER_GENERATE_SWIFT_ASSET_SYMBOL_EXTENSIONS = YES;
				CLANG_ANALYZER_NONNULL = YES;
				CLANG_ANALYZER_NUMBER_OBJECT_CONVERSION = YES_AGGRESSIVE;
				CLANG_CXX_LANGUAGE_STANDARD = "gnu++20";
				CLANG_ENABLE_MODULES = YES;
				CLANG_ENABLE_OBJC_ARC = YES;
				CLANG_ENABLE_OBJC_WEAK = YES;
				CLANG_WARN_BLOCK_CAPTURE_AUTORELEASING = YES;
				CLANG_WARN_BOOL_CONVERSION = YES;
				CLANG_WARN_COMMA = YES;
				CLANG_WARN_CONSTANT_CONVERSION = YES;
				CLANG_WARN_DEPRECATED_OBJC_IMPLEMENTATIONS = YES;
				CLANG_WARN_DIRECT_OBJC_ISA_USAGE = YES_ERROR;
				CLANG_WARN_DOCUMENTATION_COMMENTS = YES;
				CLANG_WARN_EMPTY_BODY = YES;
				CLANG_WARN_ENUM_CONVERSION = YES;
				CLANG_WARN_INFINITE_RECURSION = YES;
				CLANG_WARN_INT_CONVERSION = YES;
				CLANG_WARN_NON_LITERAL_NULL_CONVERSION = YES;
				CLANG_WARN_OBJC_IMPLICIT_RETAIN_SELF = YES;
				CLANG_WARN_OBJC_LITERAL_CONVERSION = YES;
				CLANG_WARN_OBJC_ROOT_CLASS = YES_ERROR;
				CLANG_WARN_QUOTED_INCLUDE_IN_FRAMEWORK_HEADER = YES;
				CLANG_WARN_RANGE_LOOP_ANALYSIS = YES;
				CLANG_WARN_STRICT_PROTOTYPES = YES;
				CLANG_WARN_SUSPICIOUS_MOVE = YES;
				CLANG_WARN_UNGUARDED_AVAILABILITY = YES_AGGRESSIVE;
				CLANG_WARN_UNREACHABLE_CODE = YES;
				CLANG_WARN__DUPLICATE_METHOD_MATCH = YES;
				COPY_PHASE_STRIP = NO;
				DEBUG_INFORMATION_FORMAT = "dwarf-with-dsym";
				ENABLE_NS_ASSERTIONS = NO;
				ENABLE_STRICT_OBJC_MSGSEND = YES;
				ENABLE_USER_SCRIPT_SANDBOXING = YES;
				GCC_C_LANGUAGE_STANDARD = gnu17;
				GCC_NO_COMMON_BLOCKS = YES;
				GCC_WARN_64_TO_32_BIT_CONVERSION = YES;
				GCC_WARN_ABOUT_RETURN_TYPE = YES_ERROR;
				GCC_WARN_UNDECLARED_SELECTOR = YES;
				GCC_WARN_UNINITIALIZED_AUTOS = YES_AGGRESSIVE;
				GCC_WARN_UNUSED_FUNCTION = YES;
				GCC_WARN_UNUSED_VARIABLE = YES;
				IPHONEOS_DEPLOYMENT_TARGET = 17.2;
				LOCALIZATION_PREFERS_STRING_CATALOGS = YES;
				MTL_ENABLE_DEBUG_INFO = NO;
				MTL_FAST_MATH = YES;
				SDKROOT = iphoneos;
				SWIFT_COMPILATION_MODE = wholemodule;
				VALIDATE_PRODUCT = YES;
			};
			name = Release;
		};
		5DEF35432BD1AFFD00F11E0C /* Debug */ = {
			isa = XCBuildConfiguration;
			buildSettings = {
				ASSETCATALOG_COMPILER_APPICON_NAME = AppIcon;
				ASSETCATALOG_COMPILER_GLOBAL_ACCENT_COLOR_NAME = AccentColor;
				CODE_SIGN_STYLE = Automatic;
				CURRENT_PROJECT_VERSION = 1;
				GENERATE_INFOPLIST_FILE = YES;
				INFOPLIST_FILE = RickAndMorty/Info.plist;
				INFOPLIST_KEY_UIApplicationSupportsIndirectInputEvents = YES;
				INFOPLIST_KEY_UILaunchStoryboardName = LaunchScreen;
				INFOPLIST_KEY_UISupportedInterfaceOrientations_iPad = "UIInterfaceOrientationPortrait UIInterfaceOrientationPortraitUpsideDown UIInterfaceOrientationLandscapeLeft UIInterfaceOrientationLandscapeRight";
				INFOPLIST_KEY_UISupportedInterfaceOrientations_iPhone = "UIInterfaceOrientationPortrait UIInterfaceOrientationLandscapeLeft UIInterfaceOrientationLandscapeRight";
				LD_RUNPATH_SEARCH_PATHS = (
					"$(inherited)",
					"@executable_path/Frameworks",
				);
				MARKETING_VERSION = 1.0;
				PRODUCT_BUNDLE_IDENTIFIER = com.senaerdem.RickAndMorty;
				PRODUCT_NAME = "$(TARGET_NAME)";
				SWIFT_EMIT_LOC_STRINGS = YES;
				SWIFT_VERSION = 5.0;
				TARGETED_DEVICE_FAMILY = "1,2";
			};
			name = Debug;
		};
		5DEF35442BD1AFFD00F11E0C /* Release */ = {
			isa = XCBuildConfiguration;
			buildSettings = {
				ASSETCATALOG_COMPILER_APPICON_NAME = AppIcon;
				ASSETCATALOG_COMPILER_GLOBAL_ACCENT_COLOR_NAME = AccentColor;
				CODE_SIGN_STYLE = Automatic;
				CURRENT_PROJECT_VERSION = 1;
				GENERATE_INFOPLIST_FILE = YES;
				INFOPLIST_FILE = RickAndMorty/Info.plist;
				INFOPLIST_KEY_UIApplicationSupportsIndirectInputEvents = YES;
				INFOPLIST_KEY_UILaunchStoryboardName = LaunchScreen;
				INFOPLIST_KEY_UISupportedInterfaceOrientations_iPad = "UIInterfaceOrientationPortrait UIInterfaceOrientationPortraitUpsideDown UIInterfaceOrientationLandscapeLeft UIInterfaceOrientationLandscapeRight";
				INFOPLIST_KEY_UISupportedInterfaceOrientations_iPhone = "UIInterfaceOrientationPortrait UIInterfaceOrientationLandscapeLeft UIInterfaceOrientationLandscapeRight";
				LD_RUNPATH_SEARCH_PATHS = (
					"$(inherited)",
					"@executable_path/Frameworks",
				);
				MARKETING_VERSION = 1.0;
				PRODUCT_BUNDLE_IDENTIFIER = com.senaerdem.RickAndMorty;
				PRODUCT_NAME = "$(TARGET_NAME)";
				SWIFT_EMIT_LOC_STRINGS = YES;
				SWIFT_VERSION = 5.0;
				TARGETED_DEVICE_FAMILY = "1,2";
			};
			name = Release;
		};
/* End XCBuildConfiguration section */

/* Begin XCConfigurationList section */
		5DEF35292BD1AFFB00F11E0C /* Build configuration list for PBXProject "RickAndMorty" */ = {
			isa = XCConfigurationList;
			buildConfigurations = (
				5DEF35402BD1AFFD00F11E0C /* Debug */,
				5DEF35412BD1AFFD00F11E0C /* Release */,
			);
			defaultConfigurationIsVisible = 0;
			defaultConfigurationName = Release;
		};
		5DEF35422BD1AFFD00F11E0C /* Build configuration list for PBXNativeTarget "RickAndMorty" */ = {
			isa = XCConfigurationList;
			buildConfigurations = (
				5DEF35432BD1AFFD00F11E0C /* Debug */,
				5DEF35442BD1AFFD00F11E0C /* Release */,
			);
			defaultConfigurationIsVisible = 0;
			defaultConfigurationName = Release;
		};
/* End XCConfigurationList section */
	};
	rootObject = 5DEF35262BD1AFFB00F11E0C /* Project object */;
}
